
Microsoft Visual Studio Solution File, Format Version 12.00
# Visual Studio Version 17
VisualStudioVersion = 17.14.36327.8 d17.14
MinimumVisualStudioVersion = 10.0.40219.1
Project("{FAE04EC0-301F-11D3-BF4B-00C04F79EFBC}") = "BE_082025", "BE_082025\BE_082025.csproj", "{9ECCA6AE-EEFE-4CED-9ED6-029B500DBA27}"
EndProject
Global
	GlobalSection(SolutionConfigurationPlatforms) = preSolution
		Debug|Any CPU = Debug|Any CPU
		Release|Any CPU = Release|Any CPU
	EndGlobalSection
	GlobalSection(ProjectConfigurationPlatforms) = postSolution
		{9ECCA6AE-EEFE-4CED-9ED6-029B500DBA27}.Debug|Any CPU.ActiveCfg = Debug|Any CPU
		{9ECCA6AE-EEFE-4CED-9ED6-029B500DBA27}.Debug|Any CPU.Build.0 = Debug|Any CPU
		{9ECCA6AE-EEFE-4CED-9ED6-029B500DBA27}.Release|Any CPU.ActiveCfg = Release|Any CPU
		{9ECCA6AE-EEFE-4CED-9ED6-029B500DBA27}.Release|Any CPU.Build.0 = Release|Any CPU
	EndGlobalSection
	GlobalSection(SolutionProperties) = preSolution
		HideSolutionNode = FALSE
	EndGlobalSection
	GlobalSection(ExtensibilityGlobals) = postSolution
		SolutionGuid = {37E8020D-301B-4B5B-81F4-438F698199CA}
	EndGlobalSection
EndGlobal
